
Microsoft Visual Studio Solution File, Format Version 12.00
# Visual Studio Version 17
VisualStudioVersion = 17.8.34316.72
MinimumVisualStudioVersion = 10.0.40219.1
Project("{FAE04EC0-301F-11D3-BF4B-00C04F79EFBC}") = "AcumaticaWorkWave", "AcumaticaWorkWave.csproj", "{870D66ED-FFCD-464D-A444-9FBE0CFF3B9F}"
EndProject
Project("{E24C65DC-7377-472B-9ABA-BC803B73C61A}") = "Site", "%ACUBASEDIR%\instance\232030040\Site", "{15E70ABF-C7F3-4318-9004-B059C03996C6}"
	ProjectSection(WebsiteProperties) = preProject
		TargetFrameworkMoniker = ".NETFramework,Version%3Dv4.8"
		ProjectReferences = ""
		Debug.AspNetCompiler.VirtualPath = "/localhost_60888"
		Debug.AspNetCompiler.PhysicalPath = "%ACUBASEDIR%\instance\232030040\Site"
		Debug.AspNetCompiler.TargetPath = "PrecompiledWeb\localhost_60888\"
		Debug.AspNetCompiler.Updateable = "true"
		Debug.AspNetCompiler.ForceOverwrite = "true"
		Debug.AspNetCompiler.FixedNames = "false"
		Debug.AspNetCompiler.Debug = "True"
		Release.AspNetCompiler.VirtualPath = "/localhost_60888"
		Release.AspNetCompiler.PhysicalPath = "%ACUBASEDIR%\instance\232030040\Site"
		Release.AspNetCompiler.TargetPath = "PrecompiledWeb\localhost_60888\"
		Release.AspNetCompiler.Updateable = "true"
		Release.AspNetCompiler.ForceOverwrite = "true"
		Release.AspNetCompiler.FixedNames = "false"
		Release.AspNetCompiler.Debug = "False"
		VWDPort = "60888"
		SlnRelativePath = "%ACUBASEDIR%\instance\232030040\Site"
	EndProjectSection
EndProject
Global
	GlobalSection(SolutionConfigurationPlatforms) = preSolution
		Debug|Any CPU = Debug|Any CPU
		Release|Any CPU = Release|Any CPU
	EndGlobalSection
	GlobalSection(ProjectConfigurationPlatforms) = postSolution
		{870D66ED-FFCD-464D-A444-9FBE0CFF3B9F}.Debug|Any CPU.ActiveCfg = Debug|Any CPU
		{870D66ED-FFCD-464D-A444-9FBE0CFF3B9F}.Debug|Any CPU.Build.0 = Debug|Any CPU
		{870D66ED-FFCD-464D-A444-9FBE0CFF3B9F}.Release|Any CPU.ActiveCfg = Release|Any CPU
		{870D66ED-FFCD-464D-A444-9FBE0CFF3B9F}.Release|Any CPU.Build.0 = Release|Any CPU
		{15E70ABF-C7F3-4318-9004-B059C03996C6}.Debug|Any CPU.ActiveCfg = Debug|Any CPU
		{15E70ABF-C7F3-4318-9004-B059C03996C6}.Release|Any CPU.ActiveCfg = Debug|Any CPU
	EndGlobalSection
	GlobalSection(SolutionProperties) = preSolution
		HideSolutionNode = FALSE
	EndGlobalSection
	GlobalSection(ExtensibilityGlobals) = postSolution
		SolutionGuid = {F7B7FF47-37C3-4F54-9987-61CFEB7C3D7E}
	EndGlobalSection
EndGlobal
