
Microsoft Visual Studio Solution File, Format Version 12.00
# Visual Studio Version 16
VisualStudioVersion = 16.0.31205.134
MinimumVisualStudioVersion = 10.0.40219.1
Project("{FAE04EC0-301F-11D3-BF4B-00C04F79EFBC}") = "WorkWaveIntegrationQA.Runner", "WorkWaveIntegrationQA.Runner\WorkWaveIntegrationQA.Runner.csproj", "{A0BE5F67-E2EA-406C-B18B-1EAAA88722C7}"
EndProject
Project("{FAE04EC0-301F-11D3-BF4B-00C04F79EFBC}") = "WorkWaveIntegrationQA.Tests", "WorkWaveIntegrationQA.Tests\WorkWaveIntegrationQA.Tests.csproj", "{42546BE5-C057-4C34-9404-F26C20175DC4}"
EndProject
Global
	GlobalSection(SolutionConfigurationPlatforms) = preSolution
		Debug|Any CPU = Debug|Any CPU
		Release|Any CPU = Release|Any CPU
	EndGlobalSection
	GlobalSection(ProjectConfigurationPlatforms) = postSolution
		{A0BE5F67-E2EA-406C-B18B-1EAAA88722C7}.Debug|Any CPU.ActiveCfg = Debug|Any CPU
		{A0BE5F67-E2EA-406C-B18B-1EAAA88722C7}.Debug|Any CPU.Build.0 = Debug|Any CPU
		{A0BE5F67-E2EA-406C-B18B-1EAAA88722C7}.Release|Any CPU.ActiveCfg = Release|Any CPU
		{A0BE5F67-E2EA-406C-B18B-1EAAA88722C7}.Release|Any CPU.Build.0 = Release|Any CPU
		{42546BE5-C057-4C34-9404-F26C20175DC4}.Debug|Any CPU.ActiveCfg = Debug|Any CPU
		{42546BE5-C057-4C34-9404-F26C20175DC4}.Debug|Any CPU.Build.0 = Debug|Any CPU
		{42546BE5-C057-4C34-9404-F26C20175DC4}.Release|Any CPU.ActiveCfg = Release|Any CPU
		{42546BE5-C057-4C34-9404-F26C20175DC4}.Release|Any CPU.Build.0 = Release|Any CPU
	EndGlobalSection
	GlobalSection(SolutionProperties) = preSolution
		HideSolutionNode = FALSE
	EndGlobalSection
	GlobalSection(ExtensibilityGlobals) = postSolution
		SolutionGuid = {FDC0AA82-0FED-4CC5-BA77-D169E0EA15A2}
	EndGlobalSection
EndGlobal
